{
  "version": 4,
  "terraform_version": "1.2.7",
  "serial": 24,
  "lineage": "f417d99b-db98-1da1-d5a7-9f9e5ff9c554",
  "outputs": {},
  "resources": [
    {
      "mode": "managed",
      "type": "tls_cert_request",
      "name": "issuer_req",
      "provider": "provider[\"registry.terraform.io/hashicorp/tls\"]",
      "instances": [
        {
          "schema_version": 0,
          "attributes": {
            "cert_request_pem": "-----BEGIN CERTIFICATE REQUEST-----\nMIHjMIGLAgEAMCkxJzAlBgNVBAMTHmlkZW50aXR5LmxpbmtlcmQuY2x1c3Rlci5s\nb2NhbDBZMBMGByqGSM49AgEGCCqGSM49AwEHA0IABEyKC5/JfDLgth4x3FCwBWWV\nB/TZ2Q2yHYCA4H4gZrvf+39ZnaB5NQds5jIiQAmQxHO8bqwKDxkqlP5TR7xszymg\nADAKBggqhkjOPQQDAgNHADBEAiAeA2+um6AM7y3XFZo5fZIp1KXuI1gynCvptsNd\nNuXnQgIgTw+D3qZS1nGQwI95/BCQX/UJlJkz8dOVTlIfKe6mRMg=\n-----END CERTIFICATE REQUEST-----\n",
            "dns_names": null,
            "id": "fdc2016048f7e96dc39692b0546e2141a17376fd",
            "ip_addresses": null,
            "key_algorithm": "ECDSA",
            "private_key_pem": "-----BEGIN EC PRIVATE KEY-----\nMHcCAQEEIEW4MTEDPbeEZk/0SKLgKnKKXE/OC9lDT9uov3qPeaTOoAoGCCqGSM49\nAwEHoUQDQgAETIoLn8l8MuC2HjHcULAFZZUH9NnZDbIdgIDgfiBmu9/7f1mdoHk1\nB2zmMiJACZDEc7xurAoPGSqU/lNHvGzPKQ==\n-----END EC PRIVATE KEY-----\n",
            "subject": [
              {
                "common_name": "identity.linkerd.cluster.local",
                "country": null,
                "locality": null,
                "organization": null,
                "organizational_unit": null,
                "postal_code": null,
                "province": null,
                "serial_number": null,
                "street_address": null
              }
            ],
            "uris": null
          },
          "sensitive_attributes": [
            [
              {
                "type": "get_attr",
                "value": "private_key_pem"
              }
            ]
          ],
          "dependencies": [
            "tls_private_key.issuer_key"
          ]
        }
      ]
    },
    {
      "mode": "managed",
      "type": "tls_locally_signed_cert",
      "name": "issuer_cert",
      "provider": "provider[\"registry.terraform.io/hashicorp/tls\"]",
      "instances": [
        {
          "schema_version": 0,
          "attributes": {
            "allowed_uses": [
              "crl_signing",
              "cert_signing",
              "server_auth",
              "client_auth"
            ],
            "ca_cert_pem": "-----BEGIN CERTIFICATE-----\nMIIBsTCCAVigAwIBAgIRAMb33pzOW0jlgWwmT1Da3pYwCgYIKoZIzj0EAwIwKTEn\nMCUGA1UEAxMeaWRlbnRpdHkubGlua2VyZC5jbHVzdGVyLmxvY2FsMB4XDTIyMDgx\nNzExNDgyMFoXDTMyMDgxNDExNDgyMFowKTEnMCUGA1UEAxMeaWRlbnRpdHkubGlu\na2VyZC5jbHVzdGVyLmxvY2FsMFkwEwYHKoZIzj0CAQYIKoZIzj0DAQcDQgAEYfY/\nx/GInCtQpQUktrMqM5e1X+zuvI6Q+5s7JLFNcw5QwdTQIx62fD+5+4RaOkqsnwgl\n0JfBA1fll1hyamromKNhMF8wDgYDVR0PAQH/BAQDAgEGMB0GA1UdJQQWMBQGCCsG\nAQUFBwMBBggrBgEFBQcDAjAPBgNVHRMBAf8EBTADAQH/MB0GA1UdDgQWBBTo9tJ5\nxIO3hknqS8dfgk1KlyuuBTAKBggqhkjOPQQDAgNHADBEAiA7EjWphsN8XVowgus7\n/OvsufqQ3h0q4EsRiLOvJOrGswIgGwvVVt4jw31dm1T5YKIQHJE+lSP2/KtVkiih\n7Vl1gzs=\n-----END CERTIFICATE-----\n",
            "ca_key_algorithm": "ECDSA",
            "ca_private_key_pem": "-----BEGIN EC PRIVATE KEY-----\nMHcCAQEEIEEm0J1ZXG+IWbgM/R0uiEdOFn/K3+GaNzPmQI/5I2kioAoGCCqGSM49\nAwEHoUQDQgAEYfY/x/GInCtQpQUktrMqM5e1X+zuvI6Q+5s7JLFNcw5QwdTQIx62\nfD+5+4RaOkqsnwgl0JfBA1fll1hyamromA==\n-----END EC PRIVATE KEY-----\n",
            "cert_pem": "-----BEGIN CERTIFICATE-----\nMIIBsjCCAVegAwIBAgIQD/B9UylFCZq1nQ3mw3oHgzAKBggqhkjOPQQDAjApMScw\nJQYDVQQDEx5pZGVudGl0eS5saW5rZXJkLmNsdXN0ZXIubG9jYWwwHhcNMjIwODE3\nMTE0ODIwWhcNMjMwODE3MTE0ODIwWjApMScwJQYDVQQDEx5pZGVudGl0eS5saW5r\nZXJkLmNsdXN0ZXIubG9jYWwwWTATBgcqhkjOPQIBBggqhkjOPQMBBwNCAARMiguf\nyXwy4LYeMdxQsAVllQf02dkNsh2AgOB+IGa73/t/WZ2geTUHbOYyIkAJkMRzvG6s\nCg8ZKpT+U0e8bM8po2EwXzAOBgNVHQ8BAf8EBAMCAQYwHQYDVR0lBBYwFAYIKwYB\nBQUHAwEGCCsGAQUFBwMCMA8GA1UdEwEB/wQFMAMBAf8wHQYDVR0OBBYEFJxeu/Wq\n17bCEIoP28sFAIXYgSg/MAoGCCqGSM49BAMCA0kAMEYCIQC1KN/NK0v3kPGyeG40\nZLpDm4NKpSC3XeNJmfRgHi1ihQIhAJk4zwCSFSx1iHSUrvdP5tuDgOUoGVM3SL2i\nasM5NgTB\n-----END CERTIFICATE-----\n",
            "cert_request_pem": "-----BEGIN CERTIFICATE REQUEST-----\nMIHjMIGLAgEAMCkxJzAlBgNVBAMTHmlkZW50aXR5LmxpbmtlcmQuY2x1c3Rlci5s\nb2NhbDBZMBMGByqGSM49AgEGCCqGSM49AwEHA0IABEyKC5/JfDLgth4x3FCwBWWV\nB/TZ2Q2yHYCA4H4gZrvf+39ZnaB5NQds5jIiQAmQxHO8bqwKDxkqlP5TR7xszymg\nADAKBggqhkjOPQQDAgNHADBEAiAeA2+um6AM7y3XFZo5fZIp1KXuI1gynCvptsNd\nNuXnQgIgTw+D3qZS1nGQwI95/BCQX/UJlJkz8dOVTlIfKe6mRMg=\n-----END CERTIFICATE REQUEST-----\n",
            "early_renewal_hours": 0,
            "id": "21187113072732388506559560479606966147",
            "is_ca_certificate": true,
            "ready_for_renewal": false,
            "set_subject_key_id": false,
            "validity_end_time": "2023-08-17T15:48:20.422621296+04:00",
            "validity_period_hours": 8760,
            "validity_start_time": "2022-08-17T15:48:20.422621296+04:00"
          },
          "sensitive_attributes": [
            [
              {
                "type": "get_attr",
                "value": "ca_private_key_pem"
              }
            ]
          ],
          "dependencies": [
            "tls_cert_request.issuer_req",
            "tls_private_key.issuer_key",
            "tls_private_key.trustanchor_key",
            "tls_self_signed_cert.trustanchor_cert"
          ]
        }
      ]
    },
    {
      "mode": "managed",
      "type": "tls_private_key",
      "name": "issuer_key",
      "provider": "provider[\"registry.terraform.io/hashicorp/tls\"]",
      "instances": [
        {
          "schema_version": 1,
          "attributes": {
            "algorithm": "ECDSA",
            "ecdsa_curve": "P256",
            "id": "2247a6c575fe24fa5a8a3d5114dcfcd7ac6f2e30",
            "private_key_openssh": "-----BEGIN OPENSSH PRIVATE KEY-----\nb3BlbnNzaC1rZXktdjEAAAAABG5vbmUAAAAEbm9uZQAAAAAAAAABAAAAaAAAABNl\nY2RzYS1zaGEyLW5pc3RwMjU2AAAACG5pc3RwMjU2AAAAQQRMigufyXwy4LYeMdxQ\nsAVllQf02dkNsh2AgOB+IGa73/t/WZ2geTUHbOYyIkAJkMRzvG6sCg8ZKpT+U0e8\nbM8pAAAAmMBioTzAYqE8AAAAE2VjZHNhLXNoYTItbmlzdHAyNTYAAAAIbmlzdHAy\nNTYAAABBBEyKC5/JfDLgth4x3FCwBWWVB/TZ2Q2yHYCA4H4gZrvf+39ZnaB5NQds\n5jIiQAmQxHO8bqwKDxkqlP5TR7xszykAAAAgRbgxMQM9t4RmT/RIouAqcopcT84L\n2UNP26i/eo95pM4AAAAA\n-----END OPENSSH PRIVATE KEY-----\n",
            "private_key_pem": "-----BEGIN EC PRIVATE KEY-----\nMHcCAQEEIEW4MTEDPbeEZk/0SKLgKnKKXE/OC9lDT9uov3qPeaTOoAoGCCqGSM49\nAwEHoUQDQgAETIoLn8l8MuC2HjHcULAFZZUH9NnZDbIdgIDgfiBmu9/7f1mdoHk1\nB2zmMiJACZDEc7xurAoPGSqU/lNHvGzPKQ==\n-----END EC PRIVATE KEY-----\n",
            "private_key_pem_pkcs8": "-----BEGIN PRIVATE KEY-----\nMIGHAgEAMBMGByqGSM49AgEGCCqGSM49AwEHBG0wawIBAQQgRbgxMQM9t4RmT/RI\nouAqcopcT84L2UNP26i/eo95pM6hRANCAARMigufyXwy4LYeMdxQsAVllQf02dkN\nsh2AgOB+IGa73/t/WZ2geTUHbOYyIkAJkMRzvG6sCg8ZKpT+U0e8bM8p\n-----END PRIVATE KEY-----\n",
            "public_key_fingerprint_md5": "70:6f:90:18:cd:51:f8:fb:92:de:53:12:bf:b0:77:06",
            "public_key_fingerprint_sha256": "SHA256:gXKByjC4lbi/xRZda1Uu2GbjFOMVgz8Ux3lcPH7v4Os",
            "public_key_openssh": "ecdsa-sha2-nistp256 AAAAE2VjZHNhLXNoYTItbmlzdHAyNTYAAAAIbmlzdHAyNTYAAABBBEyKC5/JfDLgth4x3FCwBWWVB/TZ2Q2yHYCA4H4gZrvf+39ZnaB5NQds5jIiQAmQxHO8bqwKDxkqlP5TR7xszyk=\n",
            "public_key_pem": "-----BEGIN PUBLIC KEY-----\nMFkwEwYHKoZIzj0CAQYIKoZIzj0DAQcDQgAETIoLn8l8MuC2HjHcULAFZZUH9NnZ\nDbIdgIDgfiBmu9/7f1mdoHk1B2zmMiJACZDEc7xurAoPGSqU/lNHvGzPKQ==\n-----END PUBLIC KEY-----\n",
            "rsa_bits": 2048
          },
          "sensitive_attributes": []
        }
      ]
    },
    {
      "mode": "managed",
      "type": "tls_private_key",
      "name": "trustanchor_key",
      "provider": "provider[\"registry.terraform.io/hashicorp/tls\"]",
      "instances": [
        {
          "schema_version": 1,
          "attributes": {
            "algorithm": "ECDSA",
            "ecdsa_curve": "P256",
            "id": "8a287ba9396ffc07c7a93c2dd1b60b1c8382dedf",
            "private_key_openssh": "-----BEGIN OPENSSH PRIVATE KEY-----\nb3BlbnNzaC1rZXktdjEAAAAABG5vbmUAAAAEbm9uZQAAAAAAAAABAAAAaAAAABNl\nY2RzYS1zaGEyLW5pc3RwMjU2AAAACG5pc3RwMjU2AAAAQQRh9j/H8YicK1ClBSS2\nsyozl7Vf7O68jpD7mzsksU1zDlDB1NAjHrZ8P7n7hFo6SqyfCCXQl8EDV+WXWHJq\nauiYAAAAmHj5kzF4+ZMxAAAAE2VjZHNhLXNoYTItbmlzdHAyNTYAAAAIbmlzdHAy\nNTYAAABBBGH2P8fxiJwrUKUFJLazKjOXtV/s7ryOkPubOySxTXMOUMHU0CMetnw/\nufuEWjpKrJ8IJdCXwQNX5ZdYcmpq6JgAAAAgQSbQnVlcb4hZuAz9HS6IR04Wf8rf\n4Zo3M+ZAj/kjaSIAAAAA\n-----END OPENSSH PRIVATE KEY-----\n",
            "private_key_pem": "-----BEGIN EC PRIVATE KEY-----\nMHcCAQEEIEEm0J1ZXG+IWbgM/R0uiEdOFn/K3+GaNzPmQI/5I2kioAoGCCqGSM49\nAwEHoUQDQgAEYfY/x/GInCtQpQUktrMqM5e1X+zuvI6Q+5s7JLFNcw5QwdTQIx62\nfD+5+4RaOkqsnwgl0JfBA1fll1hyamromA==\n-----END EC PRIVATE KEY-----\n",
            "private_key_pem_pkcs8": "-----BEGIN PRIVATE KEY-----\nMIGHAgEAMBMGByqGSM49AgEGCCqGSM49AwEHBG0wawIBAQQgQSbQnVlcb4hZuAz9\nHS6IR04Wf8rf4Zo3M+ZAj/kjaSKhRANCAARh9j/H8YicK1ClBSS2syozl7Vf7O68\njpD7mzsksU1zDlDB1NAjHrZ8P7n7hFo6SqyfCCXQl8EDV+WXWHJqauiY\n-----END PRIVATE KEY-----\n",
            "public_key_fingerprint_md5": "d4:69:4a:97:0f:d7:6c:41:ba:ed:af:d3:33:36:c4:56",
            "public_key_fingerprint_sha256": "SHA256:0e/7YVVeId8YKSM6s0TxPvk+RzOiiwxJHY1aBftTv3I",
            "public_key_openssh": "ecdsa-sha2-nistp256 AAAAE2VjZHNhLXNoYTItbmlzdHAyNTYAAAAIbmlzdHAyNTYAAABBBGH2P8fxiJwrUKUFJLazKjOXtV/s7ryOkPubOySxTXMOUMHU0CMetnw/ufuEWjpKrJ8IJdCXwQNX5ZdYcmpq6Jg=\n",
            "public_key_pem": "-----BEGIN PUBLIC KEY-----\nMFkwEwYHKoZIzj0CAQYIKoZIzj0DAQcDQgAEYfY/x/GInCtQpQUktrMqM5e1X+zu\nvI6Q+5s7JLFNcw5QwdTQIx62fD+5+4RaOkqsnwgl0JfBA1fll1hyamromA==\n-----END PUBLIC KEY-----\n",
            "rsa_bits": 2048
          },
          "sensitive_attributes": []
        }
      ]
    },
    {
      "mode": "managed",
      "type": "tls_self_signed_cert",
      "name": "trustanchor_cert",
      "provider": "provider[\"registry.terraform.io/hashicorp/tls\"]",
      "instances": [
        {
          "schema_version": 0,
          "attributes": {
            "allowed_uses": [
              "crl_signing",
              "cert_signing",
              "server_auth",
              "client_auth"
            ],
            "cert_pem": "-----BEGIN CERTIFICATE-----\nMIIBsTCCAVigAwIBAgIRAMb33pzOW0jlgWwmT1Da3pYwCgYIKoZIzj0EAwIwKTEn\nMCUGA1UEAxMeaWRlbnRpdHkubGlua2VyZC5jbHVzdGVyLmxvY2FsMB4XDTIyMDgx\nNzExNDgyMFoXDTMyMDgxNDExNDgyMFowKTEnMCUGA1UEAxMeaWRlbnRpdHkubGlu\na2VyZC5jbHVzdGVyLmxvY2FsMFkwEwYHKoZIzj0CAQYIKoZIzj0DAQcDQgAEYfY/\nx/GInCtQpQUktrMqM5e1X+zuvI6Q+5s7JLFNcw5QwdTQIx62fD+5+4RaOkqsnwgl\n0JfBA1fll1hyamromKNhMF8wDgYDVR0PAQH/BAQDAgEGMB0GA1UdJQQWMBQGCCsG\nAQUFBwMBBggrBgEFBQcDAjAPBgNVHRMBAf8EBTADAQH/MB0GA1UdDgQWBBTo9tJ5\nxIO3hknqS8dfgk1KlyuuBTAKBggqhkjOPQQDAgNHADBEAiA7EjWphsN8XVowgus7\n/OvsufqQ3h0q4EsRiLOvJOrGswIgGwvVVt4jw31dm1T5YKIQHJE+lSP2/KtVkiih\n7Vl1gzs=\n-----END CERTIFICATE-----\n",
            "dns_names": null,
            "early_renewal_hours": 0,
            "id": "264474155607861076672070657368091451030",
            "ip_addresses": null,
            "is_ca_certificate": true,
            "key_algorithm": "ECDSA",
            "private_key_pem": "-----BEGIN EC PRIVATE KEY-----\nMHcCAQEEIEEm0J1ZXG+IWbgM/R0uiEdOFn/K3+GaNzPmQI/5I2kioAoGCCqGSM49\nAwEHoUQDQgAEYfY/x/GInCtQpQUktrMqM5e1X+zuvI6Q+5s7JLFNcw5QwdTQIx62\nfD+5+4RaOkqsnwgl0JfBA1fll1hyamromA==\n-----END EC PRIVATE KEY-----\n",
            "ready_for_renewal": false,
            "set_authority_key_id": false,
            "set_subject_key_id": false,
            "subject": [
              {
                "common_name": "identity.linkerd.cluster.local",
                "country": null,
                "locality": null,
                "organization": null,
                "organizational_unit": null,
                "postal_code": null,
                "province": null,
                "serial_number": null,
                "street_address": null
              }
            ],
            "uris": null,
            "validity_end_time": "2032-08-14T15:48:20.359875347+04:00",
            "validity_period_hours": 87600,
            "validity_start_time": "2022-08-17T15:48:20.359875347+04:00"
          },
          "sensitive_attributes": [
            [
              {
                "type": "get_attr",
                "value": "private_key_pem"
              }
            ]
          ],
          "dependencies": [
            "tls_private_key.trustanchor_key"
          ]
        }
      ]
    }
  ]
}
